PODS:
  - CatalogByConvention (2.0.0)
  - MaterialMotionPop (1.1.0):
    - MaterialMotionRuntime (< 7.0, >= 4.0)
    - pop (~> 1.0)
  - MaterialMotionRuntime (6.0.0)
  - pop (1.0.9)

DEPENDENCIES:
  - CatalogByConvention
  - MaterialMotionPop (from `./`)
  - MaterialMotionRuntime (~> 6.0)
  - pop

EXTERNAL SOURCES:
  MaterialMotionPop:
    :path: "./"

SPEC CHECKSUMS:
  CatalogByConvention: be55c2263132e4f9f59299ac8a528ee8715b3275
  MaterialMotionPop: a4b16199790157fc7f6d7d29a77127e2b5cc33f5
  MaterialMotionRuntime: 89cb395df1ce02134fc67a16b42dc4492b6c514c
  pop: f667631a5108a2e60d9e8797c9b32ddaf2080bce

PODFILE CHECKSUM: 82ddcbf2f7d815971ee890ac914a41dba744ab78

COCOAPODS: 1.1.1
